# This file is autogenerated, do not edit; changes may be undone by the next 'dep ensure'.


[[projects]]
  branch = "master"
  digest = "1:19190e10480b46ec327a6785af54adff6e2f135d9ff1a5656068e5751e4fcb22"
  name = "github.com/datasift/go-charset"
  packages = [
    "charset",
    "data",
  ]
  pruneopts = "UT"
  revision = "1cad47d63f9c43e1c9878059611d82636054a593"
  source = "github.com/stripe/go-charset"

[[projects]]
  digest = "1:15c9214e9dd4335937c72a3150c810a99c7b8b3736e8f29ccfea23c0b01ec0e6"
  name = "github.com/elazarl/goproxy"
  packages = [
    ".",
    "ext/auth",
    "ext/html",
    "ext/image",
    "regretable",
    "transport",
  ]
  pruneopts = "UT"
  revision = "947c36da3153ff334e74d9d980de341d25f358ba"
  version = "v1.1"

[[projects]]
  branch = "master"
  digest = "1:59cd06c6d28a70886073fa8e6a14fcbbfc2d37ec716a15df3d7b49b51b16b242"
  name = "github.com/rogpeppe/go-charset"
  packages = [
    "charset",
    "data",
  ]
  pruneopts = "UT"
  revision = "2471d30d28b404738b546df7aaa82c45826bc02e"

[solve-meta]
  analyzer-name = "dep"
  analyzer-version = 1
  input-imports = [
    "github.com/datasift/go-charset/charset",
    "github.com/datasift/go-charset/data",
    "github.com/elazarl/goproxy",
    "github.com/elazarl/goproxy/ext/auth",
    "github.com/elazarl/goproxy/ext/html",
    "github.com/elazarl/goproxy/ext/image",
    "github.com/elazarl/goproxy/regretable",
    "github.com/elazarl/goproxy/transport",
  ]
  solver-name = "gps-cdcl"
  solver-version = 1
